
Microsoft Visual Studio Solution File, Format Version 12.00
# Visual Studio Version 16
VisualStudioVersion = 16.0.28803.202
MinimumVisualStudioVersion = 10.0.40219.1
Project("{8BC9CEB8-8B4A-11D0-8D11-00A0C91BC942}") = "Pikmin1Decompiled", "Pikmin1Decompiled.vcxproj", "{74B6B335-9A98-4516-9D8E-BB3808638EFE}"
EndProject
Global
	GlobalSection(SolutionConfigurationPlatforms) = preSolution
		Debug|x64 = Debug|x64
		Debug|x86 = Debug|x86
		Release|x64 = Release|x64
		Release|x86 = Release|x86
	EndGlobalSection
	GlobalSection(ProjectConfigurationPlatforms) = postSolution
		{74B6B335-9A98-4516-9D8E-BB3808638EFE}.Debug|x64.ActiveCfg = Debug|x64
		{74B6B335-9A98-4516-9D8E-BB3808638EFE}.Debug|x64.Build.0 = Debug|x64
		{74B6B335-9A98-4516-9D8E-BB3808638EFE}.Debug|x86.ActiveCfg = Debug|Win32
		{74B6B335-9A98-4516-9D8E-BB3808638EFE}.Debug|x86.Build.0 = Debug|Win32
		{74B6B335-9A98-4516-9D8E-BB3808638EFE}.Release|x64.ActiveCfg = Release|x64
		{74B6B335-9A98-4516-9D8E-BB3808638EFE}.Release|x64.Build.0 = Release|x64
		{74B6B335-9A98-4516-9D8E-BB3808638EFE}.Release|x86.ActiveCfg = Release|Win32
		{74B6B335-9A98-4516-9D8E-BB3808638EFE}.Release|x86.Build.0 = Release|Win32
	EndGlobalSection
	GlobalSection(SolutionProperties) = preSolution
		HideSolutionNode = FALSE
	EndGlobalSection
	GlobalSection(ExtensibilityGlobals) = postSolution
		SolutionGuid = {19B87AC8-E80C-4960-83C6-2BD93E6D4FA2}
	EndGlobalSection
EndGlobal
